
Microsoft Visual Studio Solution File, Format Version 12.00
# Visual Studio Version 17
VisualStudioVersion = 17.4.33213.308
MinimumVisualStudioVersion = 10.0.40219.1
Project("{FAE04EC0-301F-11D3-BF4B-00C04F79EFBC}") = "LeasesApi", "LeasesApi\LeasesApi.csproj", "{EF1AC6E8-DD75-4ABA-9273-DE00D15E7BBF}"
EndProject
Global
	GlobalSection(SolutionConfigurationPlatforms) = preSolution
		Debug|Any CPU = Debug|Any CPU
		Release|Any CPU = Release|Any CPU
	EndGlobalSection
	GlobalSection(ProjectConfigurationPlatforms) = postSolution
		{EF1AC6E8-DD75-4ABA-9273-DE00D15E7BBF}.Debug|Any CPU.ActiveCfg = Debug|Any CPU
		{EF1AC6E8-DD75-4ABA-9273-DE00D15E7BBF}.Debug|Any CPU.Build.0 = Debug|Any CPU
		{EF1AC6E8-DD75-4ABA-9273-DE00D15E7BBF}.Release|Any CPU.ActiveCfg = Release|Any CPU
		{EF1AC6E8-DD75-4ABA-9273-DE00D15E7BBF}.Release|Any CPU.Build.0 = Release|Any CPU
	EndGlobalSection
	GlobalSection(SolutionProperties) = preSolution
		HideSolutionNode = FALSE
	EndGlobalSection
	GlobalSection(ExtensibilityGlobals) = postSolution
		SolutionGuid = {CAE1C98B-BFAA-41DE-B491-249BADA48A49}
	EndGlobalSection
EndGlobal
